{
  "object": {
    "pins": [
      {
        "package": "ScrollViewProxy",
        "repositoryURL": "https://github.com/Amzd/ScrollViewProxy.git",
        "state": {
          "branch": null,
          "revision": "c6cae5aabfd1dcb22f581b18454c7f4b7362c098",
          "version": "1.0.3"
        }
      },
      {
        "package": "Introspect",
        "repositoryURL": "https://github.com/siteline/SwiftUI-Introspect.git",
        "state": {
          "branch": null,
          "revision": "2e09be8af614401bc9f87d40093ec19ce56ccaf2",
          "version": "0.1.3"
        }
      }
    ]
  },
  "version": 1
}
